
Microsoft Visual Studio Solution File, Format Version 12.00
# Visual Studio Version 17
VisualStudioVersion = 17.2.32630.192
MinimumVisualStudioVersion = 10.0.40219.1
Project("{FAE04EC0-301F-11D3-BF4B-00C04F79EFBC}") = "Collection_List_Exercise_2", "Collection_List_Exercise_2\Collection_List_Exercise_2.csproj", "{39947291-BB33-49E7-92ED-D38E4755E9C9}"
EndProject
Global
	GlobalSection(SolutionConfigurationPlatforms) = preSolution
		Debug|Any CPU = Debug|Any CPU
		Release|Any CPU = Release|Any CPU
	EndGlobalSection
	GlobalSection(ProjectConfigurationPlatforms) = postSolution
		{39947291-BB33-49E7-92ED-D38E4755E9C9}.Debug|Any CPU.ActiveCfg = Debug|Any CPU
		{39947291-BB33-49E7-92ED-D38E4755E9C9}.Debug|Any CPU.Build.0 = Debug|Any CPU
		{39947291-BB33-49E7-92ED-D38E4755E9C9}.Release|Any CPU.ActiveCfg = Release|Any CPU
		{39947291-BB33-49E7-92ED-D38E4755E9C9}.Release|Any CPU.Build.0 = Release|Any CPU
	EndGlobalSection
	GlobalSection(SolutionProperties) = preSolution
		HideSolutionNode = FALSE
	EndGlobalSection
	GlobalSection(ExtensibilityGlobals) = postSolution
		SolutionGuid = {12BBC0A4-0582-4916-AE2A-9429E75451AE}
	EndGlobalSection
EndGlobal
