
Microsoft Visual Studio Solution File, Format Version 12.00
# Visual Studio Version 17
VisualStudioVersion = 17.2.32616.157
MinimumVisualStudioVersion = 10.0.40219.1
Project("{FAE04EC0-301F-11D3-BF4B-00C04F79EFBC}") = "Indexer_Example", "Indexer_Example\Indexer_Example.csproj", "{0243F94F-5DA4-4DF4-8AB5-AF22F2AA795F}"
EndProject
Project("{FAE04EC0-301F-11D3-BF4B-00C04F79EFBC}") = "ClassLibrary1", "ClassLibrary1\ClassLibrary1.csproj", "{A9009CDA-9445-4C6C-A554-66B6EDAA967F}"
EndProject
Global
	GlobalSection(SolutionConfigurationPlatforms) = preSolution
		Debug|Any CPU = Debug|Any CPU
		Release|Any CPU = Release|Any CPU
	EndGlobalSection
	GlobalSection(ProjectConfigurationPlatforms) = postSolution
		{0243F94F-5DA4-4DF4-8AB5-AF22F2AA795F}.Debug|Any CPU.ActiveCfg = Debug|Any CPU
		{0243F94F-5DA4-4DF4-8AB5-AF22F2AA795F}.Debug|Any CPU.Build.0 = Debug|Any CPU
		{0243F94F-5DA4-4DF4-8AB5-AF22F2AA795F}.Release|Any CPU.ActiveCfg = Release|Any CPU
		{0243F94F-5DA4-4DF4-8AB5-AF22F2AA795F}.Release|Any CPU.Build.0 = Release|Any CPU
		{A9009CDA-9445-4C6C-A554-66B6EDAA967F}.Debug|Any CPU.ActiveCfg = Debug|Any CPU
		{A9009CDA-9445-4C6C-A554-66B6EDAA967F}.Debug|Any CPU.Build.0 = Debug|Any CPU
		{A9009CDA-9445-4C6C-A554-66B6EDAA967F}.Release|Any CPU.ActiveCfg = Release|Any CPU
		{A9009CDA-9445-4C6C-A554-66B6EDAA967F}.Release|Any CPU.Build.0 = Release|Any CPU
	EndGlobalSection
	GlobalSection(SolutionProperties) = preSolution
		HideSolutionNode = FALSE
	EndGlobalSection
	GlobalSection(ExtensibilityGlobals) = postSolution
		SolutionGuid = {D128F669-2D17-4502-B278-C64B22525BA2}
	EndGlobalSection
EndGlobal
