
Microsoft Visual Studio Solution File, Format Version 12.00
# Visual Studio Version 17
VisualStudioVersion = 17.2.32616.157
MinimumVisualStudioVersion = 10.0.40219.1
Project("{FAE04EC0-301F-11D3-BF4B-00C04F79EFBC}") = "Partial_Exercise_1", "Partial_Exercise_1\Partial_Exercise_1.csproj", "{AE5E5A69-863F-40A3-BDF0-BA321D19B605}"
EndProject
Global
	GlobalSection(SolutionConfigurationPlatforms) = preSolution
		Debug|Any CPU = Debug|Any CPU
		Release|Any CPU = Release|Any CPU
	EndGlobalSection
	GlobalSection(ProjectConfigurationPlatforms) = postSolution
		{AE5E5A69-863F-40A3-BDF0-BA321D19B605}.Debug|Any CPU.ActiveCfg = Debug|Any CPU
		{AE5E5A69-863F-40A3-BDF0-BA321D19B605}.Debug|Any CPU.Build.0 = Debug|Any CPU
		{AE5E5A69-863F-40A3-BDF0-BA321D19B605}.Release|Any CPU.ActiveCfg = Release|Any CPU
		{AE5E5A69-863F-40A3-BDF0-BA321D19B605}.Release|Any CPU.Build.0 = Release|Any CPU
	EndGlobalSection
	GlobalSection(SolutionProperties) = preSolution
		HideSolutionNode = FALSE
	EndGlobalSection
	GlobalSection(ExtensibilityGlobals) = postSolution
		SolutionGuid = {5A011731-4F39-41DF-A570-4550385B08AB}
	EndGlobalSection
EndGlobal
