
Microsoft Visual Studio Solution File, Format Version 12.00
# Visual Studio Version 17
VisualStudioVersion = 17.2.32616.157
MinimumVisualStudioVersion = 10.0.40219.1
Project("{FAE04EC0-301F-11D3-BF4B-00C04F79EFBC}") = "Exercise_3", "Exercise_3\Exercise_3.csproj", "{AE4189A8-4E73-4AD8-9F74-4D5014E12075}"
EndProject
Global
	GlobalSection(SolutionConfigurationPlatforms) = preSolution
		Debug|Any CPU = Debug|Any CPU
		Release|Any CPU = Release|Any CPU
	EndGlobalSection
	GlobalSection(ProjectConfigurationPlatforms) = postSolution
		{AE4189A8-4E73-4AD8-9F74-4D5014E12075}.Debug|Any CPU.ActiveCfg = Debug|Any CPU
		{AE4189A8-4E73-4AD8-9F74-4D5014E12075}.Debug|Any CPU.Build.0 = Debug|Any CPU
		{AE4189A8-4E73-4AD8-9F74-4D5014E12075}.Release|Any CPU.ActiveCfg = Release|Any CPU
		{AE4189A8-4E73-4AD8-9F74-4D5014E12075}.Release|Any CPU.Build.0 = Release|Any CPU
	EndGlobalSection
	GlobalSection(SolutionProperties) = preSolution
		HideSolutionNode = FALSE
	EndGlobalSection
	GlobalSection(ExtensibilityGlobals) = postSolution
		SolutionGuid = {A8D1B79B-3934-4E09-9404-CA0F69B7774F}
	EndGlobalSection
EndGlobal
