
Microsoft Visual Studio Solution File, Format Version 12.00
# Visual Studio Version 17
VisualStudioVersion = 17.2.32526.322
MinimumVisualStudioVersion = 10.0.40219.1
Project("{FAE04EC0-301F-11D3-BF4B-00C04F79EFBC}") = "FieldsExample2", "FieldsExample2\FieldsExample2.csproj", "{3DED00F9-29D8-4747-9367-F254B27D07CC}"
EndProject
Project("{FAE04EC0-301F-11D3-BF4B-00C04F79EFBC}") = "ClassLibrary2", "ClassLibrary2\ClassLibrary2.csproj", "{6AC7CF89-8389-4EB2-A713-E88169AAD55C}"
EndProject
Global
	GlobalSection(SolutionConfigurationPlatforms) = preSolution
		Debug|Any CPU = Debug|Any CPU
		Release|Any CPU = Release|Any CPU
	EndGlobalSection
	GlobalSection(ProjectConfigurationPlatforms) = postSolution
		{3DED00F9-29D8-4747-9367-F254B27D07CC}.Debug|Any CPU.ActiveCfg = Debug|Any CPU
		{3DED00F9-29D8-4747-9367-F254B27D07CC}.Debug|Any CPU.Build.0 = Debug|Any CPU
		{3DED00F9-29D8-4747-9367-F254B27D07CC}.Release|Any CPU.ActiveCfg = Release|Any CPU
		{3DED00F9-29D8-4747-9367-F254B27D07CC}.Release|Any CPU.Build.0 = Release|Any CPU
		{6AC7CF89-8389-4EB2-A713-E88169AAD55C}.Debug|Any CPU.ActiveCfg = Debug|Any CPU
		{6AC7CF89-8389-4EB2-A713-E88169AAD55C}.Debug|Any CPU.Build.0 = Debug|Any CPU
		{6AC7CF89-8389-4EB2-A713-E88169AAD55C}.Release|Any CPU.ActiveCfg = Release|Any CPU
		{6AC7CF89-8389-4EB2-A713-E88169AAD55C}.Release|Any CPU.Build.0 = Release|Any CPU
	EndGlobalSection
	GlobalSection(SolutionProperties) = preSolution
		HideSolutionNode = FALSE
	EndGlobalSection
	GlobalSection(ExtensibilityGlobals) = postSolution
		SolutionGuid = {B854892D-EB27-49A4-94FA-A265282ECFB6}
	EndGlobalSection
EndGlobal
