
Microsoft Visual Studio Solution File, Format Version 12.00
# Visual Studio Version 17
VisualStudioVersion = 17.2.32616.157
MinimumVisualStudioVersion = 10.0.40219.1
Project("{FAE04EC0-301F-11D3-BF4B-00C04F79EFBC}") = "Account", "Account\Account.csproj", "{4F5D6A5C-A0B8-4886-9B43-D2C178F8907A}"
EndProject
Global
	GlobalSection(SolutionConfigurationPlatforms) = preSolution
		Debug|Any CPU = Debug|Any CPU
		Release|Any CPU = Release|Any CPU
	EndGlobalSection
	GlobalSection(ProjectConfigurationPlatforms) = postSolution
		{4F5D6A5C-A0B8-4886-9B43-D2C178F8907A}.Debug|Any CPU.ActiveCfg = Debug|Any CPU
		{4F5D6A5C-A0B8-4886-9B43-D2C178F8907A}.Debug|Any CPU.Build.0 = Debug|Any CPU
		{4F5D6A5C-A0B8-4886-9B43-D2C178F8907A}.Release|Any CPU.ActiveCfg = Release|Any CPU
		{4F5D6A5C-A0B8-4886-9B43-D2C178F8907A}.Release|Any CPU.Build.0 = Release|Any CPU
	EndGlobalSection
	GlobalSection(SolutionProperties) = preSolution
		HideSolutionNode = FALSE
	EndGlobalSection
	GlobalSection(ExtensibilityGlobals) = postSolution
		SolutionGuid = {33F13DFE-08E7-4E98-86B6-E112355E98D1}
	EndGlobalSection
EndGlobal
