
Microsoft Visual Studio Solution File, Format Version 12.00
# Visual Studio Version 17
VisualStudioVersion = 17.2.32519.379
MinimumVisualStudioVersion = 10.0.40219.1
Project("{FAE04EC0-301F-11D3-BF4B-00C04F79EFBC}") = "FirstCode1", "FirstCode1\FirstCode1.csproj", "{00728A30-A899-4C8A-906F-ECAC030150B2}"
EndProject
Project("{FAE04EC0-301F-11D3-BF4B-00C04F79EFBC}") = "FirstCode2", "FirstCode2\FirstCode2.csproj", "{60FDAA15-CE41-47F1-A372-1E90A74F05DC}"
EndProject
Global
	GlobalSection(SolutionConfigurationPlatforms) = preSolution
		Debug|Any CPU = Debug|Any CPU
		Release|Any CPU = Release|Any CPU
	EndGlobalSection
	GlobalSection(ProjectConfigurationPlatforms) = postSolution
		{00728A30-A899-4C8A-906F-ECAC030150B2}.Debug|Any CPU.ActiveCfg = Debug|Any CPU
		{00728A30-A899-4C8A-906F-ECAC030150B2}.Debug|Any CPU.Build.0 = Debug|Any CPU
		{00728A30-A899-4C8A-906F-ECAC030150B2}.Release|Any CPU.ActiveCfg = Release|Any CPU
		{00728A30-A899-4C8A-906F-ECAC030150B2}.Release|Any CPU.Build.0 = Release|Any CPU
		{60FDAA15-CE41-47F1-A372-1E90A74F05DC}.Debug|Any CPU.ActiveCfg = Debug|Any CPU
		{60FDAA15-CE41-47F1-A372-1E90A74F05DC}.Debug|Any CPU.Build.0 = Debug|Any CPU
		{60FDAA15-CE41-47F1-A372-1E90A74F05DC}.Release|Any CPU.ActiveCfg = Release|Any CPU
		{60FDAA15-CE41-47F1-A372-1E90A74F05DC}.Release|Any CPU.Build.0 = Release|Any CPU
	EndGlobalSection
	GlobalSection(SolutionProperties) = preSolution
		HideSolutionNode = FALSE
	EndGlobalSection
	GlobalSection(ExtensibilityGlobals) = postSolution
		SolutionGuid = {71C8E0D8-87DC-4CF6-9BFF-7BD02EAB14B0}
	EndGlobalSection
EndGlobal
