
Microsoft Visual Studio Solution File, Format Version 12.00
# Visual Studio Version 17
VisualStudioVersion = 17.2.32616.157
MinimumVisualStudioVersion = 10.0.40219.1
Project("{FAE04EC0-301F-11D3-BF4B-00C04F79EFBC}") = "Quiz2_OutPut_Tracing", "Q_OutPut\Quiz2_OutPut_Tracing.csproj", "{D90D7ADB-A1A8-41C1-8F90-3489338F4B0E}"
EndProject
Global
	GlobalSection(SolutionConfigurationPlatforms) = preSolution
		Debug|Any CPU = Debug|Any CPU
		Release|Any CPU = Release|Any CPU
	EndGlobalSection
	GlobalSection(ProjectConfigurationPlatforms) = postSolution
		{D90D7ADB-A1A8-41C1-8F90-3489338F4B0E}.Debug|Any CPU.ActiveCfg = Debug|Any CPU
		{D90D7ADB-A1A8-41C1-8F90-3489338F4B0E}.Debug|Any CPU.Build.0 = Debug|Any CPU
		{D90D7ADB-A1A8-41C1-8F90-3489338F4B0E}.Release|Any CPU.ActiveCfg = Release|Any CPU
		{D90D7ADB-A1A8-41C1-8F90-3489338F4B0E}.Release|Any CPU.Build.0 = Release|Any CPU
	EndGlobalSection
	GlobalSection(SolutionProperties) = preSolution
		HideSolutionNode = FALSE
	EndGlobalSection
	GlobalSection(ExtensibilityGlobals) = postSolution
		SolutionGuid = {2D82EAA8-335C-4276-A622-BAE5413B10B8}
	EndGlobalSection
EndGlobal
