
Microsoft Visual Studio Solution File, Format Version 12.00
# Visual Studio Version 17
VisualStudioVersion = 17.2.32526.322
MinimumVisualStudioVersion = 10.0.40219.1
Project("{FAE04EC0-301F-11D3-BF4B-00C04F79EFBC}") = "NewCode", "NewCode\NewCode.csproj", "{1EE685D8-D8C4-49F1-BE13-677C118C0BE7}"
EndProject
Global
	GlobalSection(SolutionConfigurationPlatforms) = preSolution
		Debug|Any CPU = Debug|Any CPU
		Release|Any CPU = Release|Any CPU
	EndGlobalSection
	GlobalSection(ProjectConfigurationPlatforms) = postSolution
		{1EE685D8-D8C4-49F1-BE13-677C118C0BE7}.Debug|Any CPU.ActiveCfg = Debug|Any CPU
		{1EE685D8-D8C4-49F1-BE13-677C118C0BE7}.Debug|Any CPU.Build.0 = Debug|Any CPU
		{1EE685D8-D8C4-49F1-BE13-677C118C0BE7}.Release|Any CPU.ActiveCfg = Release|Any CPU
		{1EE685D8-D8C4-49F1-BE13-677C118C0BE7}.Release|Any CPU.Build.0 = Release|Any CPU
	EndGlobalSection
	GlobalSection(SolutionProperties) = preSolution
		HideSolutionNode = FALSE
	EndGlobalSection
	GlobalSection(ExtensibilityGlobals) = postSolution
		SolutionGuid = {1859B6C6-04CB-43C5-9552-A98D35EA4DFF}
	EndGlobalSection
EndGlobal
