
Microsoft Visual Studio Solution File, Format Version 12.00
# Visual Studio Version 17
VisualStudioVersion = 17.2.32630.192
MinimumVisualStudioVersion = 10.0.40219.1
Project("{FAE04EC0-301F-11D3-BF4B-00C04F79EFBC}") = "Collections_List_Exercise_1", "Collections_List_Exercise_1\Collections_List_Exercise_1.csproj", "{5C46476B-04E3-4179-B098-9D0FD8D2AD65}"
EndProject
Global
	GlobalSection(SolutionConfigurationPlatforms) = preSolution
		Debug|Any CPU = Debug|Any CPU
		Release|Any CPU = Release|Any CPU
	EndGlobalSection
	GlobalSection(ProjectConfigurationPlatforms) = postSolution
		{5C46476B-04E3-4179-B098-9D0FD8D2AD65}.Debug|Any CPU.ActiveCfg = Debug|Any CPU
		{5C46476B-04E3-4179-B098-9D0FD8D2AD65}.Debug|Any CPU.Build.0 = Debug|Any CPU
		{5C46476B-04E3-4179-B098-9D0FD8D2AD65}.Release|Any CPU.ActiveCfg = Release|Any CPU
		{5C46476B-04E3-4179-B098-9D0FD8D2AD65}.Release|Any CPU.Build.0 = Release|Any CPU
	EndGlobalSection
	GlobalSection(SolutionProperties) = preSolution
		HideSolutionNode = FALSE
	EndGlobalSection
	GlobalSection(ExtensibilityGlobals) = postSolution
		SolutionGuid = {000E4D99-D31B-4F64-B76F-8427F0F017B7}
	EndGlobalSection
EndGlobal
