
Microsoft Visual Studio Solution File, Format Version 12.00
# Visual Studio Version 17
VisualStudioVersion = 17.2.32616.157
MinimumVisualStudioVersion = 10.0.40219.1
Project("{FAE04EC0-301F-11D3-BF4B-00C04F79EFBC}") = "Account", "Account\Account.csproj", "{6900CFEB-6B13-4960-9655-DA4F4B13E1C1}"
EndProject
Global
	GlobalSection(SolutionConfigurationPlatforms) = preSolution
		Debug|Any CPU = Debug|Any CPU
		Release|Any CPU = Release|Any CPU
	EndGlobalSection
	GlobalSection(ProjectConfigurationPlatforms) = postSolution
		{6900CFEB-6B13-4960-9655-DA4F4B13E1C1}.Debug|Any CPU.ActiveCfg = Debug|Any CPU
		{6900CFEB-6B13-4960-9655-DA4F4B13E1C1}.Debug|Any CPU.Build.0 = Debug|Any CPU
		{6900CFEB-6B13-4960-9655-DA4F4B13E1C1}.Release|Any CPU.ActiveCfg = Release|Any CPU
		{6900CFEB-6B13-4960-9655-DA4F4B13E1C1}.Release|Any CPU.Build.0 = Release|Any CPU
	EndGlobalSection
	GlobalSection(SolutionProperties) = preSolution
		HideSolutionNode = FALSE
	EndGlobalSection
	GlobalSection(ExtensibilityGlobals) = postSolution
		SolutionGuid = {271261A9-F6C3-4725-8493-CDE1DAE6BFA8}
	EndGlobalSection
EndGlobal

