
Microsoft Visual Studio Solution File, Format Version 12.00
# Visual Studio Version 17
VisualStudioVersion = 17.2.32616.157
MinimumVisualStudioVersion = 10.0.40219.1
Project("{FAE04EC0-301F-11D3-BF4B-00C04F79EFBC}") = "Interface_Exercise_2", "Interface_Exercise_2\Interface_Exercise_2.csproj", "{7EE37FE9-37DE-4F2D-94AE-DE9EAA02E0DC}"
EndProject
Global
	GlobalSection(SolutionConfigurationPlatforms) = preSolution
		Debug|Any CPU = Debug|Any CPU
		Release|Any CPU = Release|Any CPU
	EndGlobalSection
	GlobalSection(ProjectConfigurationPlatforms) = postSolution
		{7EE37FE9-37DE-4F2D-94AE-DE9EAA02E0DC}.Debug|Any CPU.ActiveCfg = Debug|Any CPU
		{7EE37FE9-37DE-4F2D-94AE-DE9EAA02E0DC}.Debug|Any CPU.Build.0 = Debug|Any CPU
		{7EE37FE9-37DE-4F2D-94AE-DE9EAA02E0DC}.Release|Any CPU.ActiveCfg = Release|Any CPU
		{7EE37FE9-37DE-4F2D-94AE-DE9EAA02E0DC}.Release|Any CPU.Build.0 = Release|Any CPU
	EndGlobalSection
	GlobalSection(SolutionProperties) = preSolution
		HideSolutionNode = FALSE
	EndGlobalSection
	GlobalSection(ExtensibilityGlobals) = postSolution
		SolutionGuid = {6A595CD3-7BC8-4E27-9A73-B52F1373FB11}
	EndGlobalSection
EndGlobal
