
Microsoft Visual Studio Solution File, Format Version 12.00
# Visual Studio Version 17
VisualStudioVersion = 17.2.32526.322
MinimumVisualStudioVersion = 10.0.40219.1
Project("{FAE04EC0-301F-11D3-BF4B-00C04F79EFBC}") = "Static-Local-Function", "Static-Local-Function\Static-Local-Function.csproj", "{4170F88B-F067-48AE-B08A-60E242451251}"
EndProject
Global
	GlobalSection(SolutionConfigurationPlatforms) = preSolution
		Debug|Any CPU = Debug|Any CPU
		Release|Any CPU = Release|Any CPU
	EndGlobalSection
	GlobalSection(ProjectConfigurationPlatforms) = postSolution
		{4170F88B-F067-48AE-B08A-60E242451251}.Debug|Any CPU.ActiveCfg = Debug|Any CPU
		{4170F88B-F067-48AE-B08A-60E242451251}.Debug|Any CPU.Build.0 = Debug|Any CPU
		{4170F88B-F067-48AE-B08A-60E242451251}.Release|Any CPU.ActiveCfg = Release|Any CPU
		{4170F88B-F067-48AE-B08A-60E242451251}.Release|Any CPU.Build.0 = Release|Any CPU
	EndGlobalSection
	GlobalSection(SolutionProperties) = preSolution
		HideSolutionNode = FALSE
	EndGlobalSection
	GlobalSection(ExtensibilityGlobals) = postSolution
		SolutionGuid = {2F6CD72F-1957-48B0-8744-22A5A910749A}
	EndGlobalSection
EndGlobal
