
Microsoft Visual Studio Solution File, Format Version 12.00
# Visual Studio Version 17
VisualStudioVersion = 17.2.32616.157
MinimumVisualStudioVersion = 10.0.40219.1
Project("{FAE04EC0-301F-11D3-BF4B-00C04F79EFBC}") = "Simple_Example", "Simple_Eample\Simple_Example.csproj", "{6F612A91-D013-43FE-836B-B1E5090375DF}"
EndProject
Global
	GlobalSection(SolutionConfigurationPlatforms) = preSolution
		Debug|Any CPU = Debug|Any CPU
		Release|Any CPU = Release|Any CPU
	EndGlobalSection
	GlobalSection(ProjectConfigurationPlatforms) = postSolution
		{6F612A91-D013-43FE-836B-B1E5090375DF}.Debug|Any CPU.ActiveCfg = Debug|Any CPU
		{6F612A91-D013-43FE-836B-B1E5090375DF}.Debug|Any CPU.Build.0 = Debug|Any CPU
		{6F612A91-D013-43FE-836B-B1E5090375DF}.Release|Any CPU.ActiveCfg = Release|Any CPU
		{6F612A91-D013-43FE-836B-B1E5090375DF}.Release|Any CPU.Build.0 = Release|Any CPU
	EndGlobalSection
	GlobalSection(SolutionProperties) = preSolution
		HideSolutionNode = FALSE
	EndGlobalSection
	GlobalSection(ExtensibilityGlobals) = postSolution
		SolutionGuid = {B932F6E9-DEDA-44A6-B9AB-110C4F14A07F}
	EndGlobalSection
EndGlobal
