
Microsoft Visual Studio Solution File, Format Version 12.00
# Visual Studio Version 17
VisualStudioVersion = 17.2.32526.322
MinimumVisualStudioVersion = 10.0.40219.1
Project("{FAE04EC0-301F-11D3-BF4B-00C04F79EFBC}") = "Task2 (Student)", "Task2\Task2 (Student).csproj", "{0157F989-F26B-456D-8BCC-4EA87D58DACA}"
EndProject
Global
	GlobalSection(SolutionConfigurationPlatforms) = preSolution
		Debug|Any CPU = Debug|Any CPU
		Release|Any CPU = Release|Any CPU
	EndGlobalSection
	GlobalSection(ProjectConfigurationPlatforms) = postSolution
		{0157F989-F26B-456D-8BCC-4EA87D58DACA}.Debug|Any CPU.ActiveCfg = Debug|Any CPU
		{0157F989-F26B-456D-8BCC-4EA87D58DACA}.Debug|Any CPU.Build.0 = Debug|Any CPU
		{0157F989-F26B-456D-8BCC-4EA87D58DACA}.Release|Any CPU.ActiveCfg = Release|Any CPU
		{0157F989-F26B-456D-8BCC-4EA87D58DACA}.Release|Any CPU.Build.0 = Release|Any CPU
	EndGlobalSection
	GlobalSection(SolutionProperties) = preSolution
		HideSolutionNode = FALSE
	EndGlobalSection
	GlobalSection(ExtensibilityGlobals) = postSolution
		SolutionGuid = {E2344117-F96C-406D-9F4E-9A207366C03C}
	EndGlobalSection
EndGlobal
