
Microsoft Visual Studio Solution File, Format Version 12.00
# Visual Studio Version 17
VisualStudioVersion = 17.2.32526.322
MinimumVisualStudioVersion = 10.0.40219.1
Project("{FAE04EC0-301F-11D3-BF4B-00C04F79EFBC}") = "ClassObject", "ClassObject\ClassObject.csproj", "{B9D7C920-A2D8-432C-9B0A-E7CAF5ABB042}"
EndProject
Project("{FAE04EC0-301F-11D3-BF4B-00C04F79EFBC}") = "NewClassObject", "NewClassObject\NewClassObject.csproj", "{13E4178D-8E44-4749-B95D-631A32494D02}"
EndProject
Global
	GlobalSection(SolutionConfigurationPlatforms) = preSolution
		Debug|Any CPU = Debug|Any CPU
		Release|Any CPU = Release|Any CPU
	EndGlobalSection
	GlobalSection(ProjectConfigurationPlatforms) = postSolution
		{B9D7C920-A2D8-432C-9B0A-E7CAF5ABB042}.Debug|Any CPU.ActiveCfg = Debug|Any CPU
		{B9D7C920-A2D8-432C-9B0A-E7CAF5ABB042}.Debug|Any CPU.Build.0 = Debug|Any CPU
		{B9D7C920-A2D8-432C-9B0A-E7CAF5ABB042}.Release|Any CPU.ActiveCfg = Release|Any CPU
		{B9D7C920-A2D8-432C-9B0A-E7CAF5ABB042}.Release|Any CPU.Build.0 = Release|Any CPU
		{13E4178D-8E44-4749-B95D-631A32494D02}.Debug|Any CPU.ActiveCfg = Debug|Any CPU
		{13E4178D-8E44-4749-B95D-631A32494D02}.Debug|Any CPU.Build.0 = Debug|Any CPU
		{13E4178D-8E44-4749-B95D-631A32494D02}.Release|Any CPU.ActiveCfg = Release|Any CPU
		{13E4178D-8E44-4749-B95D-631A32494D02}.Release|Any CPU.Build.0 = Release|Any CPU
	EndGlobalSection
	GlobalSection(SolutionProperties) = preSolution
		HideSolutionNode = FALSE
	EndGlobalSection
	GlobalSection(ExtensibilityGlobals) = postSolution
		SolutionGuid = {AF4B046A-49A6-4193-AE97-1B46C2F6F1F8}
	EndGlobalSection
EndGlobal
