
Microsoft Visual Studio Solution File, Format Version 12.00
# Visual Studio Version 17
VisualStudioVersion = 17.2.32526.322
MinimumVisualStudioVersion = 10.0.40219.1
Project("{FAE04EC0-301F-11D3-BF4B-00C04F79EFBC}") = "TypeCasting", "TypeCasting\TypeCasting.csproj", "{16E55D0F-BD67-41FB-AC77-4B9A7249FD47}"
EndProject
Project("{FAE04EC0-301F-11D3-BF4B-00C04F79EFBC}") = "ParseKeyword", "ParseKeyword\ParseKeyword.csproj", "{BFB4CE9A-D81D-4005-9C3D-DADBD173B8CB}"
EndProject
Global
	GlobalSection(SolutionConfigurationPlatforms) = preSolution
		Debug|Any CPU = Debug|Any CPU
		Release|Any CPU = Release|Any CPU
	EndGlobalSection
	GlobalSection(ProjectConfigurationPlatforms) = postSolution
		{16E55D0F-BD67-41FB-AC77-4B9A7249FD47}.Debug|Any CPU.ActiveCfg = Debug|Any CPU
		{16E55D0F-BD67-41FB-AC77-4B9A7249FD47}.Debug|Any CPU.Build.0 = Debug|Any CPU
		{16E55D0F-BD67-41FB-AC77-4B9A7249FD47}.Release|Any CPU.ActiveCfg = Release|Any CPU
		{16E55D0F-BD67-41FB-AC77-4B9A7249FD47}.Release|Any CPU.Build.0 = Release|Any CPU
		{BFB4CE9A-D81D-4005-9C3D-DADBD173B8CB}.Debug|Any CPU.ActiveCfg = Debug|Any CPU
		{BFB4CE9A-D81D-4005-9C3D-DADBD173B8CB}.Debug|Any CPU.Build.0 = Debug|Any CPU
		{BFB4CE9A-D81D-4005-9C3D-DADBD173B8CB}.Release|Any CPU.ActiveCfg = Release|Any CPU
		{BFB4CE9A-D81D-4005-9C3D-DADBD173B8CB}.Release|Any CPU.Build.0 = Release|Any CPU
	EndGlobalSection
	GlobalSection(SolutionProperties) = preSolution
		HideSolutionNode = FALSE
	EndGlobalSection
	GlobalSection(ExtensibilityGlobals) = postSolution
		SolutionGuid = {128EE9F0-1620-478E-801E-AB3632830566}
	EndGlobalSection
EndGlobal
