
Microsoft Visual Studio Solution File, Format Version 12.00
# Visual Studio Version 17
VisualStudioVersion = 17.2.32519.379
MinimumVisualStudioVersion = 10.0.40219.1
Project("{FAE04EC0-301F-11D3-BF4B-00C04F79EFBC}") = "Circle_Area", "Circle_Area\Circle_Area.csproj", "{95EFC669-A375-4DC1-9B4D-58492743F20A}"
EndProject
Global
	GlobalSection(SolutionConfigurationPlatforms) = preSolution
		Debug|Any CPU = Debug|Any CPU
		Release|Any CPU = Release|Any CPU
	EndGlobalSection
	GlobalSection(ProjectConfigurationPlatforms) = postSolution
		{95EFC669-A375-4DC1-9B4D-58492743F20A}.Debug|Any CPU.ActiveCfg = Debug|Any CPU
		{95EFC669-A375-4DC1-9B4D-58492743F20A}.Debug|Any CPU.Build.0 = Debug|Any CPU
		{95EFC669-A375-4DC1-9B4D-58492743F20A}.Release|Any CPU.ActiveCfg = Release|Any CPU
		{95EFC669-A375-4DC1-9B4D-58492743F20A}.Release|Any CPU.Build.0 = Release|Any CPU
	EndGlobalSection
	GlobalSection(SolutionProperties) = preSolution
		HideSolutionNode = FALSE
	EndGlobalSection
	GlobalSection(ExtensibilityGlobals) = postSolution
		SolutionGuid = {1B4E1887-9EF8-499C-AC00-5DCB66DE2E91}
	EndGlobalSection
EndGlobal
