
Microsoft Visual Studio Solution File, Format Version 12.00
# Visual Studio Version 17
VisualStudioVersion = 17.2.32616.157
MinimumVisualStudioVersion = 10.0.40219.1
Project("{FAE04EC0-301F-11D3-BF4B-00C04F79EFBC}") = "Generic_Exercise", "Generic_Exercise\Generic_Exercise.csproj", "{8745C0D5-48D8-421F-86A2-8822564E7EC9}"
EndProject
Global
	GlobalSection(SolutionConfigurationPlatforms) = preSolution
		Debug|Any CPU = Debug|Any CPU
		Release|Any CPU = Release|Any CPU
	EndGlobalSection
	GlobalSection(ProjectConfigurationPlatforms) = postSolution
		{8745C0D5-48D8-421F-86A2-8822564E7EC9}.Debug|Any CPU.ActiveCfg = Debug|Any CPU
		{8745C0D5-48D8-421F-86A2-8822564E7EC9}.Debug|Any CPU.Build.0 = Debug|Any CPU
		{8745C0D5-48D8-421F-86A2-8822564E7EC9}.Release|Any CPU.ActiveCfg = Release|Any CPU
		{8745C0D5-48D8-421F-86A2-8822564E7EC9}.Release|Any CPU.Build.0 = Release|Any CPU
	EndGlobalSection
	GlobalSection(SolutionProperties) = preSolution
		HideSolutionNode = FALSE
	EndGlobalSection
	GlobalSection(ExtensibilityGlobals) = postSolution
		SolutionGuid = {F3FB7001-2F64-4A96-A2CB-497214AEC64F}
	EndGlobalSection
EndGlobal
